
Microsoft Visual Studio Solution File, Format Version 12.00
# Visual Studio Version 17
VisualStudioVersion = 17.5.33502.453
MinimumVisualStudioVersion = 10.0.40219.1
Project("{FAE04EC0-301F-11D3-BF4B-00C04F79EFBC}") = "eStore", "eStore\eStore.csproj", "{7A9D6BE3-C184-4BD4-9752-964EF1F48E64}"
EndProject
Global
	GlobalSection(SolutionConfigurationPlatforms) = preSolution
		Debug|Any CPU = Debug|Any CPU
		Release|Any CPU = Release|Any CPU
	EndGlobalSection
	GlobalSection(ProjectConfigurationPlatforms) = postSolution
		{7A9D6BE3-C184-4BD4-9752-964EF1F48E64}.Debug|Any CPU.ActiveCfg = Debug|Any CPU
		{7A9D6BE3-C184-4BD4-9752-964EF1F48E64}.Debug|Any CPU.Build.0 = Debug|Any CPU
		{7A9D6BE3-C184-4BD4-9752-964EF1F48E64}.Release|Any CPU.ActiveCfg = Release|Any CPU
		{7A9D6BE3-C184-4BD4-9752-964EF1F48E64}.Release|Any CPU.Build.0 = Release|Any CPU
	EndGlobalSection
	GlobalSection(SolutionProperties) = preSolution
		HideSolutionNode = FALSE
	EndGlobalSection
	GlobalSection(ExtensibilityGlobals) = postSolution
		SolutionGuid = {37AD6342-DF95-4521-898A-DF15418B97B1}
	EndGlobalSection
EndGlobal
